{
  "requires": true,
  "lockfileVersion": 1,
  "dependencies": {
    "cos-wx-sdk-v5": {
      "version": "0.7.10",
      "resolved": "https://registry.npm.taobao.org/cos-wx-sdk-v5/download/cos-wx-sdk-v5-0.7.10.tgz",
      "integrity": "sha1-/srBpTPTvshs9UjGyPRDK1Dc4Gs=",
      "dev": true,
      "requires": {
        "xmldom": "^0.1.27"
      }
    },
    "dayjs": {
      "version": "1.8.27",
      "resolved": "https://registry.npm.taobao.org/dayjs/download/dayjs-1.8.27.tgz",
      "integrity": "sha1-qK5j7pkK8owFxDDw4WCug1oPu/g="
    },
    "js-md5": {
      "version": "0.7.3",
      "resolved": "https://registry.npm.taobao.org/js-md5/download/js-md5-0.7.3.tgz",
      "integrity": "sha1-tPL7sLMnRV9ZjWcn447Ccs0Jw/I="
    },
    "tim-wx-sdk": {
      "version": "2.6.5",
      "resolved": "https://registry.npm.taobao.org/tim-wx-sdk/download/tim-wx-sdk-2.6.5.tgz",
      "integrity": "sha1-VpU6l4SUvhTgPcvnwvyEMA8MBO4="
    },
    "xmldom": {
      "version": "0.1.31",
      "resolved": "https://registry.npm.taobao.org/xmldom/download/xmldom-0.1.31.tgz",
      "integrity": "sha1-t2yaG9nwqXN+WnLcNyMc84N14v8=",
      "dev": true
    }
  }
}
