{
  "requires": true,
  "lockfileVersion": 1,
  "dependencies": {
    "@babel/runtime": {
      "version": "7.4.5",
      "resolved": "https://registry.npm.taobao.org/@babel/runtime/download/@babel/runtime-7.4.5.tgz",
      "integrity": "sha1-WCu1MfX53GfS/LaCl5iU914lPxI=",
      "requires": {
        "regenerator-runtime": "^0.13.2"
      }
    },
    "@vant/icons": {
      "version": "1.1.7",
      "resolved": "https://registry.npm.taobao.org/@vant/icons/download/@vant/icons-1.1.7.tgz",
      "integrity": "sha1-KVYa3/+mp1DSedzNvpppt0OTTz8="
    },
    "@vue/babel-helper-vue-jsx-merge-props": {
      "version": "1.0.0",
      "resolved": "https://registry.npm.taobao.org/@vue/babel-helper-vue-jsx-merge-props/download/@vue/babel-helper-vue-jsx-merge-props-1.0.0.tgz",
      "integrity": "sha1-BI/leZWNpAj7eosqPsBQtQpmEEA="
    },
    "argparse": {
      "version": "1.0.10",
      "resolved": "https://registry.npm.taobao.org/argparse/download/argparse-1.0.10.tgz",
      "integrity": "sha1-vNZ5HqWuCXJeF+WtmIE0zUCz2RE=",
      "requires": {
        "sprintf-js": "~1.0.2"
      }
    },
    "axios": {
      "version": "0.19.0",
      "resolved": "https://registry.npm.taobao.org/axios/download/axios-0.19.0.tgz",
      "integrity": "sha1-jgm/89kSLhM/e4EByPvdAO09Krg=",
      "requires": {
        "follow-redirects": "1.5.10",
        "is-buffer": "^2.0.2"
      }
    },
    "bmaplib.curveline": {
      "version": "1.0.0",
      "resolved": "https://registry.npm.taobao.org/bmaplib.curveline/download/bmaplib.curveline-1.0.0.tgz",
      "integrity": "sha1-gm6wvxxZ+tGyMUK+Zvw2DPAJrqI="
    },
    "bmaplib.heatmap": {
      "version": "1.0.4",
      "resolved": "https://registry.npm.taobao.org/bmaplib.heatmap/download/bmaplib.heatmap-1.0.4.tgz",
      "integrity": "sha1-MBYSYncf54rzVwX/kkV3Jd5dmFA="
    },
    "bmaplib.lushu": {
      "version": "1.0.7",
      "resolved": "https://registry.npm.taobao.org/bmaplib.lushu/download/bmaplib.lushu-1.0.7.tgz",
      "integrity": "sha1-d8F9z3FI0wxG6EMMf/hrIOQYuLg="
    },
    "bmaplib.markerclusterer": {
      "version": "1.0.13",
      "resolved": "https://registry.npm.taobao.org/bmaplib.markerclusterer/download/bmaplib.markerclusterer-1.0.13.tgz",
      "integrity": "sha1-RC1xpsQIRO5H0B9tshZrVFMLW9E=",
      "requires": {
        "bmaplib.texticonoverlay": "^1.0.2"
      }
    },
    "bmaplib.texticonoverlay": {
      "version": "1.0.2",
      "resolved": "https://registry.npm.taobao.org/bmaplib.texticonoverlay/download/bmaplib.texticonoverlay-1.0.2.tgz",
      "integrity": "sha1-14VG6g8DbZ/pZJg3ljFbbBEqBb8="
    },
    "debug": {
      "version": "3.1.0",
      "resolved": "https://registry.npm.taobao.org/debug/download/debug-3.1.0.tgz?cache=0&other_urls=https%3A%2F%2Fregistry.npm.taobao.org%2Fdebug%2Fdownload%2Fdebug-3.1.0.tgz",
      "integrity": "sha1-W7WgZyYotkFJVmuhaBnmFRjGcmE=",
      "requires": {
        "ms": "2.0.0"
      }
    },
    "entities": {
      "version": "1.1.2",
      "resolved": "https://registry.npm.taobao.org/entities/download/entities-1.1.2.tgz?cache=0&sync_timestamp=1563403318326&other_urls=https%3A%2F%2Fregistry.npm.taobao.org%2Fentities%2Fdownload%2Fentities-1.1.2.tgz",
      "integrity": "sha1-vfpzUplmTfr9NFKe1PhSKidf6lY="
    },
    "follow-redirects": {
      "version": "1.5.10",
      "resolved": "https://registry.npm.taobao.org/follow-redirects/download/follow-redirects-1.5.10.tgz",
      "integrity": "sha1-e3qfmuov3/NnhqlP9kPtB/T/Xio=",
      "requires": {
        "debug": "=3.1.0"
      }
    },
    "is-buffer": {
      "version": "2.0.3",
      "resolved": "https://registry.npm.taobao.org/is-buffer/download/is-buffer-2.0.3.tgz",
      "integrity": "sha1-Ts8/z3ScvR5HJonhCaxmJhol5yU="
    },
    "js-md5": {
      "version": "0.7.3",
      "resolved": "https://registry.npm.taobao.org/js-md5/download/js-md5-0.7.3.tgz",
      "integrity": "sha1-tPL7sLMnRV9ZjWcn447Ccs0Jw/I="
    },
    "jweixin-module": {
      "version": "1.4.1",
      "resolved": "https://registry.npm.taobao.org/jweixin-module/download/jweixin-module-1.4.1.tgz",
      "integrity": "sha1-H8j6QmIiQ/bDVlHScs1Yfev1bNE="
    },
    "linkify-it": {
      "version": "2.2.0",
      "resolved": "https://registry.npm.taobao.org/linkify-it/download/linkify-it-2.2.0.tgz",
      "integrity": "sha1-47VGl+eL+RXHCjis14/QngBYsc8=",
      "requires": {
        "uc.micro": "^1.0.1"
      }
    },
    "markdown-it": {
      "version": "8.4.2",
      "resolved": "https://registry.npm.taobao.org/markdown-it/download/markdown-it-8.4.2.tgz",
      "integrity": "sha1-OG+YmY3BWjdyKqdyIIT0Agvdm1Q=",
      "requires": {
        "argparse": "^1.0.7",
        "entities": "~1.1.1",
        "linkify-it": "^2.0.0",
        "mdurl": "^1.0.1",
        "uc.micro": "^1.0.5"
      }
    },
    "mdurl": {
      "version": "1.0.1",
      "resolved": "https://registry.npm.taobao.org/mdurl/download/mdurl-1.0.1.tgz",
      "integrity": "sha1-/oWy7HWlkDfyrf7BAP1sYBdhFS4="
    },
    "ms": {
      "version": "2.0.0",
      "resolved": "https://registry.npm.taobao.org/ms/download/ms-2.0.0.tgz?cache=0&other_urls=https%3A%2F%2Fregistry.npm.taobao.org%2Fms%2Fdownload%2Fms-2.0.0.tgz",
      "integrity": "sha1-VgiurfwAvmwpAd9fmGF4jeDVl8g="
    },
    "regenerator-runtime": {
      "version": "0.13.2",
      "resolved": "http://registry.npm.taobao.org/regenerator-runtime/download/regenerator-runtime-0.13.2.tgz",
      "integrity": "sha1-MuWcmm+5saSv8JtJMMotRHc0NEc="
    },
    "sprintf-js": {
      "version": "1.0.3",
      "resolved": "https://registry.npm.taobao.org/sprintf-js/download/sprintf-js-1.0.3.tgz",
      "integrity": "sha1-BOaSb2YolTVPPdAVIDYzuFcpfiw="
    },
    "uc.micro": {
      "version": "1.0.6",
      "resolved": "https://registry.npm.taobao.org/uc.micro/download/uc.micro-1.0.6.tgz",
      "integrity": "sha1-nEEagCpAmpH8bPdAgbq6NLJEmaw="
    },
    "uni-request": {
      "version": "1.0.2",
      "resolved": "https://registry.npm.taobao.org/uni-request/download/uni-request-1.0.2.tgz",
      "integrity": "sha1-qidrHobVgi5KdHpIRkiSJ0SH3FI="
    },
    "vant": {
      "version": "1.6.20",
      "resolved": "https://registry.npm.taobao.org/vant/download/vant-1.6.20.tgz?cache=0&other_urls=https%3A%2F%2Fregistry.npm.taobao.org%2Fvant%2Fdownload%2Fvant-1.6.20.tgz",
      "integrity": "sha1-J5VRmjBUJ+mW5iNbxMMqfbi9s7g=",
      "requires": {
        "@babel/runtime": "^7.4.3",
        "@vant/icons": "1.1.7",
        "@vue/babel-helper-vue-jsx-merge-props": "^1.0.0-beta.3",
        "vue-lazyload": "1.2.3"
      }
    },
    "vue-baidu-map": {
      "version": "0.21.22",
      "resolved": "https://registry.npm.taobao.org/vue-baidu-map/download/vue-baidu-map-0.21.22.tgz",
      "integrity": "sha1-a3apHvNPGKeC1zKrD1QaGjqgaeA=",
      "requires": {
        "bmaplib.curveline": "^1.0.0",
        "bmaplib.heatmap": "^1.0.4",
        "bmaplib.lushu": "^1.0.7",
        "bmaplib.markerclusterer": "^1.0.13",
        "markdown-it": "^8.4.0"
      }
    },
    "vue-lazyload": {
      "version": "1.2.3",
      "resolved": "http://registry.npm.taobao.org/vue-lazyload/download/vue-lazyload-1.2.3.tgz",
      "integrity": "sha1-kB+ewVx+bKeHgaK65KNDaGve2yw="
    }
  }
}
