{
  "requires": true,
  "lockfileVersion": 1,
  "dependencies": {
    "async-validator": {
      "version": "1.12.2",
      "resolved": "https://registry.npm.taobao.org/async-validator/download/async-validator-1.12.2.tgz?cache=0&sync_timestamp=1596625537173&other_urls=https%3A%2F%2Fregistry.npm.taobao.org%2Fasync-validator%2Fdownload%2Fasync-validator-1.12.2.tgz",
      "integrity": "sha1-vq5nHnF00pOLe0tp0vt+cit/1yw="
    },
    "clipboard": {
      "version": "2.0.6",
      "resolved": "https://registry.npm.taobao.org/clipboard/download/clipboard-2.0.6.tgz",
      "integrity": "sha1-UpISlu7A/fd+rRdJQhshyWhkc3Y=",
      "requires": {
        "good-listener": "^1.2.2",
        "select": "^1.1.2",
        "tiny-emitter": "^2.0.0"
      }
    },
    "core-js": {
      "version": "2.6.11",
      "resolved": "https://registry.npm.taobao.org/core-js/download/core-js-2.6.11.tgz",
      "integrity": "sha1-OIMUafmSK97Y7iHJ3EaYXgOZMIw="
    },
    "deepmerge": {
      "version": "1.5.2",
      "resolved": "https://registry.npm.taobao.org/deepmerge/download/deepmerge-1.5.2.tgz",
      "integrity": "sha1-EEmdhohEza1P7ghC34x/bwyVp1M="
    },
    "delegate": {
      "version": "3.2.0",
      "resolved": "https://registry.npm.taobao.org/delegate/download/delegate-3.2.0.tgz",
      "integrity": "sha1-tmtxwxWFIuirV0T3INjKDCr1kWY="
    },
    "good-listener": {
      "version": "1.2.2",
      "resolved": "https://registry.npm.taobao.org/good-listener/download/good-listener-1.2.2.tgz",
      "integrity": "sha1-1TswzfkxPf+33JoNR3CWqm0UXFA=",
      "requires": {
        "delegate": "^3.1.2"
      }
    },
    "iview": {
      "version": "1.0.1",
      "resolved": "https://registry.npm.taobao.org/iview/download/iview-1.0.1.tgz",
      "integrity": "sha1-dF9XN/tUWTnIAeSJDbb9681zr4o=",
      "requires": {
        "async-validator": "^1.6.7",
        "core-js": "^2.4.1",
        "deepmerge": "^1.3.1",
        "popper.js": "^0.6.4"
      }
    },
    "popper.js": {
      "version": "0.6.4",
      "resolved": "https://registry.npm.taobao.org/popper.js/download/popper.js-0.6.4.tgz",
      "integrity": "sha1-GDfEdgr1TSuyC2b5wJuSmT2Exik="
    },
    "select": {
      "version": "1.1.2",
      "resolved": "https://registry.npm.taobao.org/select/download/select-1.1.2.tgz",
      "integrity": "sha1-DnNQrN7ICxEIUoeG7B1EGNEbOW0="
    },
    "tiny-emitter": {
      "version": "2.1.0",
      "resolved": "https://registry.npm.taobao.org/tiny-emitter/download/tiny-emitter-2.1.0.tgz",
      "integrity": "sha1-HRpW7fxRxD6GPLtTgqcjMONVVCM="
    },
    "vue-clipboard2": {
      "version": "0.3.1",
      "resolved": "https://registry.npm.taobao.org/vue-clipboard2/download/vue-clipboard2-0.3.1.tgz",
      "integrity": "sha1-blUft704SImyiw2jsSKJ7WvKSJQ=",
      "requires": {
        "clipboard": "^2.0.0"
      }
    }
  }
}
